
Microsoft Visual Studio Solution File, Format Version 12.00
# Visual Studio Version 16
VisualStudioVersion = 16.0.29905.134
MinimumVisualStudioVersion = 10.0.40219.1
Project("{FAE04EC0-301F-11D3-BF4B-00C04F79EFBC}") = "Amazon.DocSamples.S3", "Amazon.DocSamples.S3\Amazon.DocSamples.S3.csproj", "{77358867-24F8-448C-9294-6505A8FCDDD6}"
EndProject
Global
	GlobalSection(SolutionConfigurationPlatforms) = preSolution
		Debug|Any CPU = Debug|Any CPU
		Release|Any CPU = Release|Any CPU
	EndGlobalSection
	GlobalSection(ProjectConfigurationPlatforms) = postSolution
		{77358867-24F8-448C-9294-6505A8FCDDD6}.Debug|Any CPU.ActiveCfg = Debug|Any CPU
		{77358867-24F8-448C-9294-6505A8FCDDD6}.Debug|Any CPU.Build.0 = Debug|Any CPU
		{77358867-24F8-448C-9294-6505A8FCDDD6}.Release|Any CPU.ActiveCfg = Release|Any CPU
		{77358867-24F8-448C-9294-6505A8FCDDD6}.Release|Any CPU.Build.0 = Release|Any CPU
	EndGlobalSection
	GlobalSection(SolutionProperties) = preSolution
		HideSolutionNode = FALSE
	EndGlobalSection
	GlobalSection(ExtensibilityGlobals) = postSolution
		SolutionGuid = {F9558BC2-7A9E-4815-9F71-B0945BCF1A45}
	EndGlobalSection
EndGlobal
